{
  "requires": true,
  "lockfileVersion": 1,
  "dependencies": {
    "@ngrx/store-devtools": {
      "version": "8.2.0",
      "resolved": "https://registry.npmjs.org/@ngrx/store-devtools/-/store-devtools-8.2.0.tgz",
      "integrity": "sha512-zNz9B641Jz8cGqaO6M7myXLkYDEUrdnLipzHuvn/dxbswxJrcaWsGUbb+5cCXCzbcoy2c8DKEHouFqPwKX86WQ=="
    }
  }
}
